
Microsoft Visual Studio Solution File, Format Version 12.00
# Visual Studio Version 16
VisualStudioVersion = 16.0.32228.343
MinimumVisualStudioVersion = 10.0.40219.1
Project("{FAE04EC0-301F-11D3-BF4B-00C04F79EFBC}") = "RevitAPI_HW_4", "RevitAPI_HW_4\RevitAPI_HW_4.csproj", "{FA644860-BF1B-433E-99D2-D29B3D6AD832}"
EndProject
Global
	GlobalSection(SolutionConfigurationPlatforms) = preSolution
		Debug|Any CPU = Debug|Any CPU
		Release|Any CPU = Release|Any CPU
	EndGlobalSection
	GlobalSection(ProjectConfigurationPlatforms) = postSolution
		{FA644860-BF1B-433E-99D2-D29B3D6AD832}.Debug|Any CPU.ActiveCfg = Debug|Any CPU
		{FA644860-BF1B-433E-99D2-D29B3D6AD832}.Debug|Any CPU.Build.0 = Debug|Any CPU
		{FA644860-BF1B-433E-99D2-D29B3D6AD832}.Release|Any CPU.ActiveCfg = Release|Any CPU
		{FA644860-BF1B-433E-99D2-D29B3D6AD832}.Release|Any CPU.Build.0 = Release|Any CPU
	EndGlobalSection
	GlobalSection(SolutionProperties) = preSolution
		HideSolutionNode = FALSE
	EndGlobalSection
	GlobalSection(ExtensibilityGlobals) = postSolution
		SolutionGuid = {BD7C4F5D-7767-483A-972E-12FB3C5F9B56}
	EndGlobalSection
EndGlobal
